
Microsoft Visual Studio Solution File, Format Version 12.00
# Visual Studio Version 17
VisualStudioVersion = 17.5.33516.290
MinimumVisualStudioVersion = 10.0.40219.1
Project("{9A19103F-16F7-4668-BE54-9A1E7A4F7556}") = "Chat", "Chat\Chat.csproj", "{016F517C-E0AB-4D2A-82CF-2F5BE629EB3C}"
EndProject
Project("{9A19103F-16F7-4668-BE54-9A1E7A4F7556}") = "Chat.Domain", "Chat.Domain\Chat.Domain.csproj", "{042B573E-4B96-4C02-9617-B6A2363B23C2}"
EndProject
Global
	GlobalSection(SolutionConfigurationPlatforms) = preSolution
		Debug|Any CPU = Debug|Any CPU
		Release|Any CPU = Release|Any CPU
	EndGlobalSection
	GlobalSection(ProjectConfigurationPlatforms) = postSolution
		{016F517C-E0AB-4D2A-82CF-2F5BE629EB3C}.Debug|Any CPU.ActiveCfg = Debug|Any CPU
		{016F517C-E0AB-4D2A-82CF-2F5BE629EB3C}.Debug|Any CPU.Build.0 = Debug|Any CPU
		{016F517C-E0AB-4D2A-82CF-2F5BE629EB3C}.Release|Any CPU.ActiveCfg = Release|Any CPU
		{016F517C-E0AB-4D2A-82CF-2F5BE629EB3C}.Release|Any CPU.Build.0 = Release|Any CPU
		{042B573E-4B96-4C02-9617-B6A2363B23C2}.Debug|Any CPU.ActiveCfg = Debug|Any CPU
		{042B573E-4B96-4C02-9617-B6A2363B23C2}.Debug|Any CPU.Build.0 = Debug|Any CPU
		{042B573E-4B96-4C02-9617-B6A2363B23C2}.Release|Any CPU.ActiveCfg = Release|Any CPU
		{042B573E-4B96-4C02-9617-B6A2363B23C2}.Release|Any CPU.Build.0 = Release|Any CPU
	EndGlobalSection
	GlobalSection(SolutionProperties) = preSolution
		HideSolutionNode = FALSE
	EndGlobalSection
	GlobalSection(ExtensibilityGlobals) = postSolution
		SolutionGuid = {E6BF9D75-6795-454B-83DA-4E6920970817}
	EndGlobalSection
EndGlobal
